
Microsoft Visual Studio Solution File, Format Version 12.00
# Visual Studio Version 17
VisualStudioVersion = 17.6.33829.357
MinimumVisualStudioVersion = 10.0.40219.1
Project("{FAE04EC0-301F-11D3-BF4B-00C04F79EFBC}") = "Entities", "Entities\Entities.csproj", "{FDD36209-CBC0-46D8-92C3-D70A5C8EFA8C}"
EndProject
Project("{FAE04EC0-301F-11D3-BF4B-00C04F79EFBC}") = "Business", "Business\Business.csproj", "{6529F261-736D-4BA6-860E-E2EAC3814AE8}"
EndProject
Project("{FAE04EC0-301F-11D3-BF4B-00C04F79EFBC}") = "ConsoleUI", "ConsoleUI\ConsoleUI.csproj", "{FADB2717-3D09-47D1-AF81-26D3708A7696}"
EndProject
Project("{FAE04EC0-301F-11D3-BF4B-00C04F79EFBC}") = "DataAccess", "DataAccess\DataAccess.csproj", "{05CE3ECC-29C5-447B-BB97-3D76B45E3227}"
EndProject
Project("{FAE04EC0-301F-11D3-BF4B-00C04F79EFBC}") = "Core", "Core\Core.csproj", "{F42A6AA0-9E57-4BA0-92C7-47C8639672B2}"
EndProject
Global
	GlobalSection(SolutionConfigurationPlatforms) = preSolution
		Debug|Any CPU = Debug|Any CPU
		Release|Any CPU = Release|Any CPU
	EndGlobalSection
	GlobalSection(ProjectConfigurationPlatforms) = postSolution
		{FDD36209-CBC0-46D8-92C3-D70A5C8EFA8C}.Debug|Any CPU.ActiveCfg = Debug|Any CPU
		{FDD36209-CBC0-46D8-92C3-D70A5C8EFA8C}.Debug|Any CPU.Build.0 = Debug|Any CPU
		{FDD36209-CBC0-46D8-92C3-D70A5C8EFA8C}.Release|Any CPU.ActiveCfg = Release|Any CPU
		{FDD36209-CBC0-46D8-92C3-D70A5C8EFA8C}.Release|Any CPU.Build.0 = Release|Any CPU
		{6529F261-736D-4BA6-860E-E2EAC3814AE8}.Debug|Any CPU.ActiveCfg = Debug|Any CPU
		{6529F261-736D-4BA6-860E-E2EAC3814AE8}.Debug|Any CPU.Build.0 = Debug|Any CPU
		{6529F261-736D-4BA6-860E-E2EAC3814AE8}.Release|Any CPU.ActiveCfg = Release|Any CPU
		{6529F261-736D-4BA6-860E-E2EAC3814AE8}.Release|Any CPU.Build.0 = Release|Any CPU
		{FADB2717-3D09-47D1-AF81-26D3708A7696}.Debug|Any CPU.ActiveCfg = Debug|Any CPU
		{FADB2717-3D09-47D1-AF81-26D3708A7696}.Debug|Any CPU.Build.0 = Debug|Any CPU
		{FADB2717-3D09-47D1-AF81-26D3708A7696}.Release|Any CPU.ActiveCfg = Release|Any CPU
		{FADB2717-3D09-47D1-AF81-26D3708A7696}.Release|Any CPU.Build.0 = Release|Any CPU
		{05CE3ECC-29C5-447B-BB97-3D76B45E3227}.Debug|Any CPU.ActiveCfg = Debug|Any CPU
		{05CE3ECC-29C5-447B-BB97-3D76B45E3227}.Debug|Any CPU.Build.0 = Debug|Any CPU
		{05CE3ECC-29C5-447B-BB97-3D76B45E3227}.Release|Any CPU.ActiveCfg = Release|Any CPU
		{05CE3ECC-29C5-447B-BB97-3D76B45E3227}.Release|Any CPU.Build.0 = Release|Any CPU
		{F42A6AA0-9E57-4BA0-92C7-47C8639672B2}.Debug|Any CPU.ActiveCfg = Debug|Any CPU
		{F42A6AA0-9E57-4BA0-92C7-47C8639672B2}.Debug|Any CPU.Build.0 = Debug|Any CPU
		{F42A6AA0-9E57-4BA0-92C7-47C8639672B2}.Release|Any CPU.ActiveCfg = Release|Any CPU
		{F42A6AA0-9E57-4BA0-92C7-47C8639672B2}.Release|Any CPU.Build.0 = Release|Any CPU
	EndGlobalSection
	GlobalSection(SolutionProperties) = preSolution
		HideSolutionNode = FALSE
	EndGlobalSection
	GlobalSection(ExtensibilityGlobals) = postSolution
		SolutionGuid = {7E6DB0AB-7AF9-48D7-8A6D-F132A5BE172D}
	EndGlobalSection
EndGlobal
